{
  "name": "dy-ui",
  "version": "0.0.1",
  "lockfileVersion": 1,
  "requires": true,
  "dependencies": {
    "webpack-dev-server": {
      "version": "3.7.2",
      "resolved": "https://registry.npm.taobao.org/webpack-dev-server/download/webpack-dev-server-3.7.2.tgz",
      "dev": true,
      "dependencies": {
        "ansi-html": {
          "version": "https://registry.npm.taobao.org/ansi-html/download/ansi-html-0.0.7.tgz",
          "bundled": true
        },
        "bonjour": {
          "version": "https://registry.npm.taobao.org/bonjour/download/bonjour-3.5.0.tgz",
          "bundled": true
        },
        "chokidar": {
          "version": "https://registry.npm.taobao.org/chokidar/download/chokidar-2.1.6.tgz?cache=0&other_urls=https%3A%2F%2Fregistry.npm.taobao.org%2Fchokidar%2Fdownload%2Fchokidar-2.1.6.tgz",
          "bundled": true
        },
        "compression": {
          "version": "https://registry.npm.taobao.org/compression/download/compression-1.7.4.tgz",
          "bundled": true,
          "dependencies": {
            "accepts": {
              "version": "https://registry.npm.taobao.org/accepts/download/accepts-1.3.7.tgz",
              "bundled": true,
              "dependencies": {
                "mime-types": {
                  "version": "https://registry.npm.taobao.org/mime-types/download/mime-types-2.1.24.tgz?cache=0&other_urls=https%3A%2F%2Fregistry.npm.taobao.org%2Fmime-types%2Fdownload%2Fmime-types-2.1.24.tgz",
                  "bundled": true
                },
                "negotiator": {
                  "version": "https://registry.npm.taobao.org/negotiator/download/negotiator-0.6.2.tgz",
                  "bundled": true
                }
              }
            },
            "bytes": {
              "version": "https://registry.npm.taobao.org/bytes/download/bytes-3.0.0.tgz",
              "bundled": true
            },
            "compressible": {
              "version": "https://registry.npm.taobao.org/compressible/download/compressible-2.0.17.tgz?cache=0&sync_timestamp=1561981219831&other_urls=https%3A%2F%2Fregistry.npm.taobao.org%2Fcompressible%2Fdownload%2Fcompressible-2.0.17.tgz",
              "bundled": true
            },
            "debug": {
              "version": "https://registry.npm.taobao.org/debug/download/debug-2.6.9.tgz",
              "bundled": true,
              "dependencies": {
                "ms": {
                  "version": "https://registry.npm.taobao.org/ms/download/ms-2.0.0.tgz"
                }
              }
            },
            "on-headers": {
              "version": "https://registry.npm.taobao.org/on-headers/download/on-headers-1.0.2.tgz",
              "bundled": true
            },
            "safe-buffer": {
              "version": "https://registry.npm.taobao.org/safe-buffer/download/safe-buffer-5.1.2.tgz",
              "bundled": true
            },
            "vary": {
              "version": "https://registry.npm.taobao.org/vary/download/vary-1.1.2.tgz",
              "bundled": true
            }
          }
        },
        "connect-history-api-fallback": {
          "version": "https://registry.npm.taobao.org/connect-history-api-fallback/download/connect-history-api-fallback-1.6.0.tgz",
          "bundled": true
        },
        "debug": {
          "version": "https://registry.npm.taobao.org/debug/download/debug-4.1.1.tgz",
          "bundled": true,
          "dependencies": {
            "ms": {
              "version": "https://registry.npm.taobao.org/ms/download/ms-2.1.2.tgz",
              "bundled": true
            }
          }
        },
        "del": {
          "version": "https://registry.npm.taobao.org/del/download/del-4.1.1.tgz",
          "bundled": true,
          "dependencies": {
            "@types/glob": {
              "version": "https://registry.npm.taobao.org/@types/glob/download/@types/glob-7.1.1.tgz",
              "dependencies": {
                "@types/events": {
                  "version": "https://registry.npm.taobao.org/@types/events/download/@types/events-3.0.0.tgz",
                  "bundled": true
                },
                "@types/minimatch": {
                  "version": "https://registry.npm.taobao.org/@types/minimatch/download/@types/minimatch-3.0.3.tgz?cache=0&sync_timestamp=1563088885805&other_urls=https%3A%2F%2Fregistry.npm.taobao.org%2F%40types%2Fminimatch%2Fdownload%2F%40types%2Fminimatch-3.0.3.tgz",
                  "bundled": true
                },
                "@types/node": {
                  "version": "https://registry.npm.taobao.org/@types/node/download/@types/node-12.6.8.tgz?cache=0&sync_timestamp=1563391161384&other_urls=https%3A%2F%2Fregistry.npm.taobao.org%2F%40types%2Fnode%2Fdownload%2F%40types%2Fnode-12.6.8.tgz",
                  "bundled": true
                }
              }
            },
            "globby": {
              "version": "https://registry.npm.taobao.org/globby/download/globby-6.1.0.tgz?cache=0&sync_timestamp=1562335642755&other_urls=https%3A%2F%2Fregistry.npm.taobao.org%2Fglobby%2Fdownload%2Fglobby-6.1.0.tgz"
            },
            "is-path-cwd": {
              "version": "https://registry.npm.taobao.org/is-path-cwd/download/is-path-cwd-2.2.0.tgz?cache=0&sync_timestamp=1562347283002&other_urls=https%3A%2F%2Fregistry.npm.taobao.org%2Fis-path-cwd%2Fdownload%2Fis-path-cwd-2.2.0.tgz"
            },
            "is-path-in-cwd": {
              "version": "https://registry.npm.taobao.org/is-path-in-cwd/download/is-path-in-cwd-2.1.0.tgz"
            },
            "p-map": {
              "version": "https://registry.npm.taobao.org/p-map/download/p-map-2.1.0.tgz"
            },
            "pify": {
              "version": "https://registry.npm.taobao.org/pify/download/pify-4.0.1.tgz"
            },
            "rimraf": {
              "version": "https://registry.npm.taobao.org/rimraf/download/rimraf-2.6.3.tgz",
              "dependencies": {
                "glob": {
                  "version": "https://registry.npm.taobao.org/glob/download/glob-7.1.4.tgz",
                  "bundled": true,
                  "dependencies": {
                    "fs.realpath": {
                      "version": "https://registry.npm.taobao.org/fs.realpath/download/fs.realpath-1.0.0.tgz",
                      "bundled": true
                    },
                    "inflight": {
                      "version": "https://registry.npm.taobao.org/inflight/download/inflight-1.0.6.tgz",
                      "bundled": true
                    },
                    "inherits": {
                      "version": "https://registry.npm.taobao.org/inherits/download/inherits-2.0.4.tgz?cache=0&sync_timestamp=1560975547815&other_urls=https%3A%2F%2Fregistry.npm.taobao.org%2Finherits%2Fdownload%2Finherits-2.0.4.tgz",
                      "bundled": true
                    },
                    "minimatch": {
                      "version": "https://registry.npm.taobao.org/minimatch/download/minimatch-3.0.4.tgz",
                      "bundled": true
                    },
                    "once": {
                      "version": "https://registry.npm.taobao.org/once/download/once-1.4.0.tgz",
                      "bundled": true,
                      "dependencies": {
                        "wrappy": {
                          "version": "https://registry.npm.taobao.org/wrappy/download/wrappy-1.0.2.tgz",
                          "bundled": true
                        }
                      }
                    },
                    "path-is-absolute": {
                      "version": "https://registry.npm.taobao.org/path-is-absolute/download/path-is-absolute-1.0.1.tgz",
                      "bundled": true
                    }
                  }
                }
              }
            }
          }
        },
        "express": {
          "version": "https://registry.npm.taobao.org/express/download/express-4.17.1.tgz",
          "bundled": true,
          "dependencies": {
            "accepts": {
              "version": "https://registry.npm.taobao.org/accepts/download/accepts-1.3.7.tgz",
              "bundled": true
            },
            "array-flatten": {
              "version": "https://registry.npm.taobao.org/array-flatten/download/array-flatten-1.1.1.tgz",
              "bundled": true
            },
            "body-parser": {
              "version": "https://registry.npm.taobao.org/body-parser/download/body-parser-1.19.0.tgz",
              "bundled": true,
              "dependencies": {
                "bytes": {
                  "version": "https://registry.npm.taobao.org/bytes/download/bytes-3.1.0.tgz",
                  "bundled": true
                },
                "content-type": {
                  "version": "https://registry.npm.taobao.org/content-type/download/content-type-1.0.4.tgz",
                  "bundled": true
                },
                "debug": {
                  "version": "https://registry.npm.taobao.org/debug/download/debug-2.6.9.tgz",
                  "bundled": true,
                  "dependencies": {
                    "ms": {
                      "version": "https://registry.npm.taobao.org/ms/download/ms-2.0.0.tgz"
                    }
                  }
                },
                "depd": {
                  "version": "https://registry.npm.taobao.org/depd/download/depd-1.1.2.tgz",
                  "bundled": true
                },
                "http-errors": {
                  "version": "https://registry.npm.taobao.org/http-errors/download/http-errors-1.7.2.tgz",
                  "bundled": true
                },
                "iconv-lite": {
                  "version": "https://registry.npm.taobao.org/iconv-lite/download/iconv-lite-0.4.24.tgz?cache=0&sync_timestamp=1561588160612&other_urls=https%3A%2F%2Fregistry.npm.taobao.org%2Ficonv-lite%2Fdownload%2Ficonv-lite-0.4.24.tgz",
                  "bundled": true,
                  "dependencies": {
                    "safer-buffer": {
                      "version": "https://registry.npm.taobao.org/safer-buffer/download/safer-buffer-2.1.2.tgz?cache=0&other_urls=https%3A%2F%2Fregistry.npm.taobao.org%2Fsafer-buffer%2Fdownload%2Fsafer-buffer-2.1.2.tgz",
                      "bundled": true
                    }
                  }
                },
                "on-finished": {
                  "version": "https://registry.npm.taobao.org/on-finished/download/on-finished-2.3.0.tgz",
                  "bundled": true
                },
                "qs": {
                  "version": "https://registry.npm.taobao.org/qs/download/qs-6.7.0.tgz",
                  "bundled": true
                },
                "raw-body": {
                  "version": "https://registry.npm.taobao.org/raw-body/download/raw-body-2.4.0.tgz",
                  "bundled": true
                },
                "type-is": {
                  "version": "https://registry.npm.taobao.org/type-is/download/type-is-1.6.18.tgz",
                  "bundled": true
                }
              }
            },
            "content-disposition": {
              "version": "https://registry.npm.taobao.org/content-disposition/download/content-disposition-0.5.3.tgz",
              "bundled": true
            },
            "content-type": {
              "version": "https://registry.npm.taobao.org/content-type/download/content-type-1.0.4.tgz",
              "bundled": true
            },
            "cookie": {
              "version": "https://registry.npm.taobao.org/cookie/download/cookie-0.4.0.tgz",
              "bundled": true
            },
            "cookie-signature": {
              "version": "https://registry.npm.taobao.org/cookie-signature/download/cookie-signature-1.0.6.tgz",
              "bundled": true
            },
            "debug": {
              "version": "https://registry.npm.taobao.org/debug/download/debug-2.6.9.tgz",
              "bundled": true,
              "dependencies": {
                "ms": {
                  "version": "https://registry.npm.taobao.org/ms/download/ms-2.0.0.tgz"
                }
              }
            },
            "depd": {
              "version": "https://registry.npm.taobao.org/depd/download/depd-1.1.2.tgz",
              "bundled": true
            },
            "encodeurl": {
              "version": "https://registry.npm.taobao.org/encodeurl/download/encodeurl-1.0.2.tgz",
              "bundled": true
            },
            "escape-html": {
              "version": "https://registry.npm.taobao.org/escape-html/download/escape-html-1.0.3.tgz",
              "bundled": true
            },
            "etag": {
              "version": "https://registry.npm.taobao.org/etag/download/etag-1.8.1.tgz",
              "bundled": true
            },
            "finalhandler": {
              "version": "https://registry.npm.taobao.org/finalhandler/download/finalhandler-1.1.2.tgz",
              "bundled": true
            },
            "fresh": {
              "version": "https://registry.npm.taobao.org/fresh/download/fresh-0.5.2.tgz",
              "bundled": true
            },
            "merge-descriptors": {
              "version": "https://registry.npm.taobao.org/merge-descriptors/download/merge-descriptors-1.0.1.tgz",
              "bundled": true
            },
            "methods": {
              "version": "https://registry.npm.taobao.org/methods/download/methods-1.1.2.tgz",
              "bundled": true
            },
            "on-finished": {
              "version": "https://registry.npm.taobao.org/on-finished/download/on-finished-2.3.0.tgz",
              "bundled": true,
              "dependencies": {
                "ee-first": {
                  "version": "https://registry.npm.taobao.org/ee-first/download/ee-first-1.1.1.tgz",
                  "bundled": true
                }
              }
            },
            "parseurl": {
              "version": "https://registry.npm.taobao.org/parseurl/download/parseurl-1.3.3.tgz",
              "bundled": true
            },
            "path-to-regexp": {
              "version": "https://registry.npm.taobao.org/path-to-regexp/download/path-to-regexp-0.1.7.tgz",
              "bundled": true
            },
            "proxy-addr": {
              "version": "https://registry.npm.taobao.org/proxy-addr/download/proxy-addr-2.0.5.tgz",
              "bundled": true
            },
            "qs": {
              "version": "https://registry.npm.taobao.org/qs/download/qs-6.7.0.tgz",
              "bundled": true
            },
            "range-parser": {
              "version": "https://registry.npm.taobao.org/range-parser/download/range-parser-1.2.1.tgz",
              "bundled": true
            },
            "safe-buffer": {
              "version": "https://registry.npm.taobao.org/safe-buffer/download/safe-buffer-5.1.2.tgz",
              "bundled": true
            },
            "send": {
              "version": "https://registry.npm.taobao.org/send/download/send-0.17.1.tgz",
              "bundled": true
            },
            "serve-static": {
              "version": "https://registry.npm.taobao.org/serve-static/download/serve-static-1.14.1.tgz",
              "bundled": true
            },
            "setprototypeof": {
              "version": "https://registry.npm.taobao.org/setprototypeof/download/setprototypeof-1.1.1.tgz?cache=0&sync_timestamp=1563425414995&other_urls=https%3A%2F%2Fregistry.npm.taobao.org%2Fsetprototypeof%2Fdownload%2Fsetprototypeof-1.1.1.tgz",
              "bundled": true
            },
            "statuses": {
              "version": "https://registry.npm.taobao.org/statuses/download/statuses-1.5.0.tgz",
              "bundled": true
            },
            "type-is": {
              "version": "https://registry.npm.taobao.org/type-is/download/type-is-1.6.18.tgz",
              "bundled": true,
              "dependencies": {
                "media-typer": {
                  "version": "https://registry.npm.taobao.org/media-typer/download/media-typer-0.3.0.tgz",
                  "bundled": true
                },
                "mime-types": {
                  "version": "https://registry.npm.taobao.org/mime-types/download/mime-types-2.1.24.tgz?cache=0&other_urls=https%3A%2F%2Fregistry.npm.taobao.org%2Fmime-types%2Fdownload%2Fmime-types-2.1.24.tgz",
                  "bundled": true,
                  "dependencies": {
                    "mime-db": {
                      "version": "https://registry.npm.taobao.org/mime-db/download/mime-db-1.40.0.tgz",
                      "bundled": true
                    }
                  }
                }
              }
            },
            "utils-merge": {
              "version": "https://registry.npm.taobao.org/utils-merge/download/utils-merge-1.0.1.tgz",
              "bundled": true
            },
            "vary": {
              "version": "https://registry.npm.taobao.org/vary/download/vary-1.1.2.tgz",
              "bundled": true
            }
          }
        },
        "html-entities": {
          "version": "https://registry.npm.taobao.org/html-entities/download/html-entities-1.2.1.tgz",
          "bundled": true
        },
        "http-proxy-middleware": {
          "version": "https://registry.npm.taobao.org/http-proxy-middleware/download/http-proxy-middleware-0.19.1.tgz",
          "bundled": true,
          "dependencies": {
            "http-proxy": {
              "version": "https://registry.npm.taobao.org/http-proxy/download/http-proxy-1.17.0.tgz"
            },
            "is-glob": {
              "version": "https://registry.npm.taobao.org/is-glob/download/is-glob-4.0.1.tgz",
              "dependencies": {
                "is-extglob": {
                  "version": "https://registry.npm.taobao.org/is-extglob/download/is-extglob-2.1.1.tgz"
                }
              }
            },
            "lodash": {
              "version": "https://registry.npm.taobao.org/lodash/download/lodash-4.17.15.tgz"
            },
            "micromatch": {
              "version": "https://registry.npm.taobao.org/micromatch/download/micromatch-3.1.10.tgz",
              "dependencies": {
                "arr-diff": {
                  "version": "https://registry.npm.taobao.org/arr-diff/download/arr-diff-4.0.0.tgz"
                },
                "array-unique": {
                  "version": "https://registry.npm.taobao.org/array-unique/download/array-unique-0.3.2.tgz"
                },
                "braces": {
                  "version": "https://registry.npm.taobao.org/braces/download/braces-2.3.2.tgz"
                },
                "define-property": {
                  "version": "https://registry.npm.taobao.org/define-property/download/define-property-2.0.2.tgz",
                  "dependencies": {
                    "is-descriptor": {
                      "version": "https://registry.npm.taobao.org/is-descriptor/download/is-descriptor-1.0.2.tgz"
                    },
                    "isobject": {
                      "version": "https://registry.npm.taobao.org/isobject/download/isobject-3.0.1.tgz"
                    }
                  }
                },
                "extend-shallow": {
                  "version": "https://registry.npm.taobao.org/extend-shallow/download/extend-shallow-3.0.2.tgz",
                  "dependencies": {
                    "assign-symbols": {
                      "version": "https://registry.npm.taobao.org/assign-symbols/download/assign-symbols-1.0.0.tgz"
                    },
                    "is-extendable": {
                      "version": "https://registry.npm.taobao.org/is-extendable/download/is-extendable-1.0.1.tgz",
                      "dependencies": {
                        "is-plain-object": {
                          "version": "https://registry.npm.taobao.org/is-plain-object/download/is-plain-object-2.0.4.tgz",
                          "bundled": true,
                          "dependencies": {
                            "isobject": {
                              "version": "https://registry.npm.taobao.org/isobject/download/isobject-3.0.1.tgz",
                              "bundled": true
                            }
                          }
                        }
                      }
                    }
                  }
                },
                "extglob": {
                  "version": "https://registry.npm.taobao.org/extglob/download/extglob-2.0.4.tgz"
                },
                "fragment-cache": {
                  "version": "https://registry.npm.taobao.org/fragment-cache/download/fragment-cache-0.2.1.tgz",
                  "dependencies": {
                    "map-cache": {
                      "version": "https://registry.npm.taobao.org/map-cache/download/map-cache-0.2.2.tgz",
                      "bundled": true
                    }
                  }
                },
                "kind-of": {
                  "version": "https://registry.npm.taobao.org/kind-of/download/kind-of-6.0.2.tgz"
                },
                "nanomatch": {
                  "version": "https://registry.npm.taobao.org/nanomatch/download/nanomatch-1.2.13.tgz"
                },
                "object.pick": {
                  "version": "https://registry.npm.taobao.org/object.pick/download/object.pick-1.3.0.tgz",
                  "dependencies": {
                    "isobject": {
                      "version": "https://registry.npm.taobao.org/isobject/download/isobject-3.0.1.tgz",
                      "bundled": true
                    }
                  }
                },
                "regex-not": {
                  "version": "https://registry.npm.taobao.org/regex-not/download/regex-not-1.0.2.tgz",
                  "dependencies": {
                    "extend-shallow": {
                      "version": "https://registry.npm.taobao.org/extend-shallow/download/extend-shallow-3.0.2.tgz",
                      "bundled": true,
                      "dependencies": {
                        "assign-symbols": {
                          "version": "https://registry.npm.taobao.org/assign-symbols/download/assign-symbols-1.0.0.tgz"
                        },
                        "is-extendable": {
                          "version": "https://registry.npm.taobao.org/is-extendable/download/is-extendable-1.0.1.tgz",
                          "dependencies": {}
                        }
                      }
                    },
                    "safe-regex": {
                      "version": "https://registry.npm.taobao.org/safe-regex/download/safe-regex-1.1.0.tgz",
                      "bundled": true
                    }
                  }
                },
                "snapdragon": {
                  "version": "https://registry.npm.taobao.org/snapdragon/download/snapdragon-0.8.2.tgz",
                  "dependencies": {
                    "base": {
                      "version": "https://registry.npm.taobao.org/base/download/base-0.11.2.tgz"
                    },
                    "debug": {
                      "version": "https://registry.npm.taobao.org/debug/download/debug-2.6.9.tgz"
                    },
                    "define-property": {
                      "version": "https://registry.npm.taobao.org/define-property/download/define-property-0.2.5.tgz",
                      "dependencies": {
                        "is-descriptor": {
                          "version": "https://registry.npm.taobao.org/is-descriptor/download/is-descriptor-0.1.6.tgz"
                        }
                      }
                    },
                    "extend-shallow": {
                      "version": "https://registry.npm.taobao.org/extend-shallow/download/extend-shallow-2.0.1.tgz",
                      "dependencies": {
                        "is-extendable": {
                          "version": "https://registry.npm.taobao.org/is-extendable/download/is-extendable-0.1.1.tgz"
                        }
                      }
                    },
                    "map-cache": {
                      "version": "https://registry.npm.taobao.org/map-cache/download/map-cache-0.2.2.tgz"
                    },
                    "source-map": {
                      "version": "https://registry.npm.taobao.org/source-map/download/source-map-0.5.7.tgz"
                    },
                    "source-map-resolve": {
                      "version": "https://registry.npm.taobao.org/source-map-resolve/download/source-map-resolve-0.5.2.tgz"
                    },
                    "use": {
                      "version": "https://registry.npm.taobao.org/use/download/use-3.1.1.tgz"
                    }
                  }
                },
                "to-regex": {
                  "version": "https://registry.npm.taobao.org/to-regex/download/to-regex-3.0.2.tgz",
                  "dependencies": {
                    "define-property": {
                      "version": "https://registry.npm.taobao.org/define-property/download/define-property-2.0.2.tgz",
                      "bundled": true
                    },
                    "extend-shallow": {
                      "version": "https://registry.npm.taobao.org/extend-shallow/download/extend-shallow-3.0.2.tgz",
                      "bundled": true,
                      "dependencies": {
                        "assign-symbols": {
                          "version": "https://registry.npm.taobao.org/assign-symbols/download/assign-symbols-1.0.0.tgz"
                        },
                        "is-extendable": {
                          "version": "https://registry.npm.taobao.org/is-extendable/download/is-extendable-1.0.1.tgz",
                          "dependencies": {}
                        }
                      }
                    },
                    "regex-not": {
                      "version": "https://registry.npm.taobao.org/regex-not/download/regex-not-1.0.2.tgz",
                      "bundled": true,
                      "dependencies": {
                        "extend-shallow": {
                          "version": "https://registry.npm.taobao.org/extend-shallow/download/extend-shallow-3.0.2.tgz",
                          "bundled": true,
                          "dependencies": {}
                        },
                        "safe-regex": {
                          "version": "https://registry.npm.taobao.org/safe-regex/download/safe-regex-1.1.0.tgz",
                          "bundled": true
                        }
                      }
                    },
                    "safe-regex": {
                      "version": "https://registry.npm.taobao.org/safe-regex/download/safe-regex-1.1.0.tgz",
                      "bundled": true,
                      "dependencies": {
                        "ret": {
                          "version": "https://registry.npm.taobao.org/ret/download/ret-0.1.15.tgz",
                          "bundled": true
                        }
                      }
                    }
                  }
                }
              }
            }
          }
        },
        "import-local": {
          "version": "https://registry.npm.taobao.org/import-local/download/import-local-2.0.0.tgz",
          "bundled": true
        },
        "internal-ip": {
          "version": "https://registry.npm.taobao.org/internal-ip/download/internal-ip-4.3.0.tgz",
          "bundled": true
        },
        "ip": {
          "version": "https://registry.npm.taobao.org/ip/download/ip-1.1.5.tgz",
          "bundled": true
        },
        "killable": {
          "version": "https://registry.npm.taobao.org/killable/download/killable-1.0.1.tgz",
          "bundled": true
        },
        "loglevel": {
          "version": "https://registry.npm.taobao.org/loglevel/download/loglevel-1.6.3.tgz?cache=0&other_urls=https%3A%2F%2Fregistry.npm.taobao.org%2Floglevel%2Fdownload%2Floglevel-1.6.3.tgz",
          "bundled": true
        },
        "opn": {
          "version": "https://registry.npm.taobao.org/opn/download/opn-5.5.0.tgz",
          "bundled": true
        },
        "p-retry": {
          "version": "https://registry.npm.taobao.org/p-retry/download/p-retry-3.0.1.tgz",
          "bundled": true
        },
        "portfinder": {
          "version": "https://registry.npm.taobao.org/portfinder/download/portfinder-1.0.21.tgz",
          "bundled": true,
          "dependencies": {
            "async": {
              "version": "https://registry.npm.taobao.org/async/download/async-1.5.2.tgz?cache=0&other_urls=https%3A%2F%2Fregistry.npm.taobao.org%2Fasync%2Fdownload%2Fasync-1.5.2.tgz",
              "bundled": true
            },
            "debug": {
              "version": "https://registry.npm.taobao.org/debug/download/debug-2.6.9.tgz",
              "bundled": true,
              "dependencies": {
                "ms": {
                  "version": "https://registry.npm.taobao.org/ms/download/ms-2.0.0.tgz"
                }
              }
            },
            "mkdirp": {
              "version": "https://registry.npm.taobao.org/mkdirp/download/mkdirp-0.5.1.tgz?cache=0&other_urls=https%3A%2F%2Fregistry.npm.taobao.org%2Fmkdirp%2Fdownload%2Fmkdirp-0.5.1.tgz",
              "bundled": true
            }
          }
        },
        "schema-utils": {
          "version": "https://registry.npm.taobao.org/schema-utils/download/schema-utils-1.0.0.tgz",
          "bundled": true
        },
        "selfsigned": {
          "version": "https://registry.npm.taobao.org/selfsigned/download/selfsigned-1.10.4.tgz",
          "bundled": true
        },
        "semver": {
          "version": "https://registry.npm.taobao.org/semver/download/semver-6.3.0.tgz",
          "bundled": true
        },
        "serve-index": {
          "version": "https://registry.npm.taobao.org/serve-index/download/serve-index-1.9.1.tgz",
          "bundled": true,
          "dependencies": {
            "accepts": {
              "version": "https://registry.npm.taobao.org/accepts/download/accepts-1.3.7.tgz",
              "dependencies": {
                "mime-types": {
                  "version": "https://registry.npm.taobao.org/mime-types/download/mime-types-2.1.24.tgz?cache=0&other_urls=https%3A%2F%2Fregistry.npm.taobao.org%2Fmime-types%2Fdownload%2Fmime-types-2.1.24.tgz",
                  "bundled": true
                },
                "negotiator": {
                  "version": "https://registry.npm.taobao.org/negotiator/download/negotiator-0.6.2.tgz",
                  "bundled": true
                }
              }
            },
            "batch": {
              "version": "https://registry.npm.taobao.org/batch/download/batch-0.6.1.tgz"
            },
            "debug": {
              "version": "https://registry.npm.taobao.org/debug/download/debug-2.6.9.tgz",
              "dependencies": {
                "ms": {
                  "version": "https://registry.npm.taobao.org/ms/download/ms-2.0.0.tgz"
                }
              }
            },
            "escape-html": {
              "version": "https://registry.npm.taobao.org/escape-html/download/escape-html-1.0.3.tgz"
            },
            "http-errors": {
              "version": "https://registry.npm.taobao.org/http-errors/download/http-errors-1.6.3.tgz"
            },
            "mime-types": {
              "version": "https://registry.npm.taobao.org/mime-types/download/mime-types-2.1.24.tgz?cache=0&other_urls=https%3A%2F%2Fregistry.npm.taobao.org%2Fmime-types%2Fdownload%2Fmime-types-2.1.24.tgz",
              "dependencies": {
                "mime-db": {
                  "version": "https://registry.npm.taobao.org/mime-db/download/mime-db-1.40.0.tgz",
                  "bundled": true
                }
              }
            },
            "parseurl": {
              "version": "https://registry.npm.taobao.org/parseurl/download/parseurl-1.3.3.tgz"
            }
          }
        },
        "sockjs": {
          "version": "https://registry.npm.taobao.org/sockjs/download/sockjs-0.3.19.tgz",
          "bundled": true,
          "dependencies": {
            "faye-websocket": {
              "version": "https://registry.npm.taobao.org/faye-websocket/download/faye-websocket-0.10.0.tgz",
              "bundled": true
            },
            "uuid": {
              "version": "https://registry.npm.taobao.org/uuid/download/uuid-3.3.2.tgz?cache=0&other_urls=https%3A%2F%2Fregistry.npm.taobao.org%2Fuuid%2Fdownload%2Fuuid-3.3.2.tgz",
              "bundled": true
            }
          }
        },
        "sockjs-client": {
          "version": "https://registry.npm.taobao.org/sockjs-client/download/sockjs-client-1.3.0.tgz",
          "bundled": true,
          "dependencies": {
            "debug": {
              "version": "https://registry.npm.taobao.org/debug/download/debug-3.2.6.tgz",
              "dependencies": {
                "ms": {
                  "version": "https://registry.npm.taobao.org/ms/download/ms-2.1.2.tgz"
                }
              }
            },
            "eventsource": {
              "version": "https://registry.npm.taobao.org/eventsource/download/eventsource-1.0.7.tgz"
            },
            "faye-websocket": {
              "version": "https://registry.npm.taobao.org/faye-websocket/download/faye-websocket-0.11.3.tgz"
            },
            "inherits": {
              "version": "https://registry.npm.taobao.org/inherits/download/inherits-2.0.4.tgz?cache=0&sync_timestamp=1560975547815&other_urls=https%3A%2F%2Fregistry.npm.taobao.org%2Finherits%2Fdownload%2Finherits-2.0.4.tgz"
            },
            "json3": {
              "version": "https://registry.npm.taobao.org/json3/download/json3-3.3.3.tgz"
            },
            "url-parse": {
              "version": "https://registry.npm.taobao.org/url-parse/download/url-parse-1.4.7.tgz?cache=0&other_urls=https%3A%2F%2Fregistry.npm.taobao.org%2Furl-parse%2Fdownload%2Furl-parse-1.4.7.tgz",
              "dependencies": {
                "querystringify": {
                  "version": "https://registry.npm.taobao.org/querystringify/download/querystringify-2.1.1.tgz",
                  "bundled": true
                },
                "requires-port": {
                  "version": "https://registry.npm.taobao.org/requires-port/download/requires-port-1.0.0.tgz",
                  "bundled": true
                }
              }
            }
          }
        },
        "spdy": {
          "version": "https://registry.npm.taobao.org/spdy/download/spdy-4.0.0.tgz",
          "bundled": true,
          "dependencies": {
            "debug": {
              "version": "https://registry.npm.taobao.org/debug/download/debug-4.1.1.tgz",
              "bundled": true,
              "dependencies": {
                "ms": {
                  "version": "https://registry.npm.taobao.org/ms/download/ms-2.1.2.tgz",
                  "bundled": true
                }
              }
            },
            "handle-thing": {
              "version": "https://registry.npm.taobao.org/handle-thing/download/handle-thing-2.0.0.tgz",
              "bundled": true
            },
            "http-deceiver": {
              "version": "https://registry.npm.taobao.org/http-deceiver/download/http-deceiver-1.2.7.tgz",
              "bundled": true
            },
            "select-hose": {
              "version": "https://registry.npm.taobao.org/select-hose/download/select-hose-2.0.0.tgz",
              "bundled": true
            },
            "spdy-transport": {
              "version": "https://registry.npm.taobao.org/spdy-transport/download/spdy-transport-3.0.0.tgz",
              "bundled": true
            }
          }
        },
        "strip-ansi": {
          "version": "https://registry.npm.taobao.org/strip-ansi/download/strip-ansi-3.0.1.tgz",
          "bundled": true,
          "dependencies": {
            "ansi-regex": {
              "version": "https://registry.npm.taobao.org/ansi-regex/download/ansi-regex-2.1.1.tgz"
            }
          }
        },
        "supports-color": {
          "version": "https://registry.npm.taobao.org/supports-color/download/supports-color-6.1.0.tgz",
          "bundled": true
        },
        "url": {
          "version": "https://registry.npm.taobao.org/url/download/url-0.11.0.tgz",
          "bundled": true
        },
        "webpack-dev-middleware": {
          "version": "https://registry.npm.taobao.org/webpack-dev-middleware/download/webpack-dev-middleware-3.7.0.tgz",
          "bundled": true,
          "dependencies": {
            "memory-fs": {
              "version": "https://registry.npm.taobao.org/memory-fs/download/memory-fs-0.4.1.tgz",
              "dependencies": {
                "errno": {
                  "version": "https://registry.npm.taobao.org/errno/download/errno-0.1.7.tgz"
                },
                "readable-stream": {
                  "version": "https://registry.npm.taobao.org/readable-stream/download/readable-stream-2.3.6.tgz",
                  "dependencies": {
                    "core-util-is": {
                      "version": "https://registry.npm.taobao.org/core-util-is/download/core-util-is-1.0.2.tgz"
                    },
                    "inherits": {
                      "version": "https://registry.npm.taobao.org/inherits/download/inherits-2.0.4.tgz?cache=0&sync_timestamp=1560975547815&other_urls=https%3A%2F%2Fregistry.npm.taobao.org%2Finherits%2Fdownload%2Finherits-2.0.4.tgz"
                    },
                    "isarray": {
                      "version": "https://registry.npm.taobao.org/isarray/download/isarray-1.0.0.tgz?cache=0&sync_timestamp=1562592125418&other_urls=https%3A%2F%2Fregistry.npm.taobao.org%2Fisarray%2Fdownload%2Fisarray-1.0.0.tgz"
                    },
                    "process-nextick-args": {
                      "version": "https://registry.npm.taobao.org/process-nextick-args/download/process-nextick-args-2.0.1.tgz"
                    },
                    "safe-buffer": {
                      "version": "https://registry.npm.taobao.org/safe-buffer/download/safe-buffer-5.1.2.tgz"
                    },
                    "string_decoder": {
                      "version": "https://registry.npm.taobao.org/string_decoder/download/string_decoder-1.1.1.tgz"
                    },
                    "util-deprecate": {
                      "version": "https://registry.npm.taobao.org/util-deprecate/download/util-deprecate-1.0.2.tgz"
                    }
                  }
                }
              }
            },
            "mime": {
              "version": "https://registry.npm.taobao.org/mime/download/mime-2.4.4.tgz"
            },
            "range-parser": {
              "version": "https://registry.npm.taobao.org/range-parser/download/range-parser-1.2.1.tgz"
            },
            "webpack-log": {
              "version": "https://registry.npm.taobao.org/webpack-log/download/webpack-log-2.0.0.tgz"
            }
          }
        },
        "webpack-log": {
          "version": "https://registry.npm.taobao.org/webpack-log/download/webpack-log-2.0.0.tgz",
          "bundled": true,
          "dependencies": {
            "ansi-colors": {
              "version": "https://registry.npm.taobao.org/ansi-colors/download/ansi-colors-3.2.4.tgz",
              "bundled": true
            },
            "uuid": {
              "version": "https://registry.npm.taobao.org/uuid/download/uuid-3.3.2.tgz?cache=0&other_urls=https%3A%2F%2Fregistry.npm.taobao.org%2Fuuid%2Fdownload%2Fuuid-3.3.2.tgz",
              "bundled": true
            }
          }
        },
        "yargs": {
          "version": "https://registry.npm.taobao.org/yargs/download/yargs-12.0.5.tgz",
          "bundled": true
        }
      }
    }
  }
}
